
Microsoft Visual Studio Solution File, Format Version 12.00
# Visual Studio Version 17
VisualStudioVersion = 17.13.35818.85 d17.13
MinimumVisualStudioVersion = 10.0.40219.1
Project("{FAE04EC0-301F-11D3-BF4B-00C04F79EFBC}") = "TAProgramRo", "TAProgramRo\TAProgramRo.csproj", "{2CD5D779-3631-49E5-B382-7FA669E67474}"
EndProject
Global
	GlobalSection(SolutionConfigurationPlatforms) = preSolution
		Debug|Any CPU = Debug|Any CPU
		Release|Any CPU = Release|Any CPU
	EndGlobalSection
	GlobalSection(ProjectConfigurationPlatforms) = postSolution
		{2CD5D779-3631-49E5-B382-7FA669E67474}.Debug|Any CPU.ActiveCfg = Debug|Any CPU
		{2CD5D779-3631-49E5-B382-7FA669E67474}.Debug|Any CPU.Build.0 = Debug|Any CPU
		{2CD5D779-3631-49E5-B382-7FA669E67474}.Release|Any CPU.ActiveCfg = Release|Any CPU
		{2CD5D779-3631-49E5-B382-7FA669E67474}.Release|Any CPU.Build.0 = Release|Any CPU
	EndGlobalSection
	GlobalSection(SolutionProperties) = preSolution
		HideSolutionNode = FALSE
	EndGlobalSection
	GlobalSection(ExtensibilityGlobals) = postSolution
		SolutionGuid = {E2845E6D-EDBC-43EF-9DAB-2C07AA8138F9}
	EndGlobalSection
EndGlobal
